{
  "requires": true,
  "lockfileVersion": 1,
  "dependencies": {
    "rut.js": {
      "version": "2.1.0",
      "resolved": "https://registry.npmjs.org/rut.js/-/rut.js-2.1.0.tgz",
      "integrity": "sha512-v8tXUbqycX2frkeZBcCJgn2dbZE29S21bOF+tRmow58m2qEVz5lGLmNaJ9ahTRfj3WEfwl55mTZi8qqE91w81g=="
    }
  }
}
